
Microsoft Visual Studio Solution File, Format Version 11.00
# Visual Web Developer Express 2010
Project("{E24C65DC-7377-472B-9ABA-BC803B73C61A}") = "02 ViewState", ".", "{F8BC0C14-537E-40E3-A378-CBCEF99567DD}"
	ProjectSection(WebsiteProperties) = preProject
		TargetFrameworkMoniker = ".NETFramework,Version%3Dv4.0"
		Debug.AspNetCompiler.VirtualPath = "/02 ViewState"
		Debug.AspNetCompiler.PhysicalPath = "..\02 ViewState\"
		Debug.AspNetCompiler.TargetPath = "PrecompiledWeb\02 ViewState\"
		Debug.AspNetCompiler.Updateable = "true"
		Debug.AspNetCompiler.ForceOverwrite = "true"
		Debug.AspNetCompiler.FixedNames = "false"
		Debug.AspNetCompiler.Debug = "True"
		Release.AspNetCompiler.VirtualPath = "/02 ViewState"
		Release.AspNetCompiler.PhysicalPath = "..\02 ViewState\"
		Release.AspNetCompiler.TargetPath = "PrecompiledWeb\02 ViewState\"
		Release.AspNetCompiler.Updateable = "true"
		Release.AspNetCompiler.ForceOverwrite = "true"
		Release.AspNetCompiler.FixedNames = "false"
		Release.AspNetCompiler.Debug = "False"
		VWDPort = "49739"
		DefaultWebSiteLanguage = "Visual C#"
	EndProjectSection
EndProject
Global
	GlobalSection(SolutionConfigurationPlatforms) = preSolution
		Debug|Any CPU = Debug|Any CPU
	EndGlobalSection
	GlobalSection(ProjectConfigurationPlatforms) = postSolution
		{F8BC0C14-537E-40E3-A378-CBCEF99567DD}.Debug|Any CPU.ActiveCfg = Debug|Any CPU
		{F8BC0C14-537E-40E3-A378-CBCEF99567DD}.Debug|Any CPU.Build.0 = Debug|Any CPU
	EndGlobalSection
	GlobalSection(SolutionProperties) = preSolution
		HideSolutionNode = FALSE
	EndGlobalSection
EndGlobal
