
Microsoft Visual Studio Solution File, Format Version 11.00
# Visual Web Developer Express 2010
Project("{E24C65DC-7377-472B-9ABA-BC803B73C61A}") = "04 FormView", ".", "{58881AFA-9101-4597-9CC2-AA1E05483F46}"
	ProjectSection(WebsiteProperties) = preProject
		TargetFrameworkMoniker = ".NETFramework,Version%3Dv4.0"
		Debug.AspNetCompiler.VirtualPath = "/04 FormView"
		Debug.AspNetCompiler.PhysicalPath = "..\04 FormView\"
		Debug.AspNetCompiler.TargetPath = "PrecompiledWeb\04 FormView\"
		Debug.AspNetCompiler.Updateable = "true"
		Debug.AspNetCompiler.ForceOverwrite = "true"
		Debug.AspNetCompiler.FixedNames = "false"
		Debug.AspNetCompiler.Debug = "True"
		Release.AspNetCompiler.VirtualPath = "/04 FormView"
		Release.AspNetCompiler.PhysicalPath = "..\04 FormView\"
		Release.AspNetCompiler.TargetPath = "PrecompiledWeb\04 FormView\"
		Release.AspNetCompiler.Updateable = "true"
		Release.AspNetCompiler.ForceOverwrite = "true"
		Release.AspNetCompiler.FixedNames = "false"
		Release.AspNetCompiler.Debug = "False"
		VWDPort = "54070"
		DefaultWebSiteLanguage = "Visual C#"
	EndProjectSection
EndProject
Global
	GlobalSection(SolutionConfigurationPlatforms) = preSolution
		Debug|Any CPU = Debug|Any CPU
	EndGlobalSection
	GlobalSection(ProjectConfigurationPlatforms) = postSolution
		{58881AFA-9101-4597-9CC2-AA1E05483F46}.Debug|Any CPU.ActiveCfg = Debug|Any CPU
		{58881AFA-9101-4597-9CC2-AA1E05483F46}.Debug|Any CPU.Build.0 = Debug|Any CPU
	EndGlobalSection
	GlobalSection(SolutionProperties) = preSolution
		HideSolutionNode = FALSE
	EndGlobalSection
EndGlobal
