
Microsoft Visual Studio Solution File, Format Version 11.00
# Visual Web Developer Express 2010
Project("{E24C65DC-7377-472B-9ABA-BC803B73C61A}") = "05 Exercise", ".", "{EE8C7FCD-E3AC-4CA5-975F-880463446458}"
	ProjectSection(WebsiteProperties) = preProject
		TargetFrameworkMoniker = ".NETFramework,Version%3Dv4.0"
		Debug.AspNetCompiler.VirtualPath = "/05 Exercise"
		Debug.AspNetCompiler.PhysicalPath = "..\05 Exercise\"
		Debug.AspNetCompiler.TargetPath = "PrecompiledWeb\05 Exercise\"
		Debug.AspNetCompiler.Updateable = "true"
		Debug.AspNetCompiler.ForceOverwrite = "true"
		Debug.AspNetCompiler.FixedNames = "false"
		Debug.AspNetCompiler.Debug = "True"
		Release.AspNetCompiler.VirtualPath = "/05 Exercise"
		Release.AspNetCompiler.PhysicalPath = "..\05 Exercise\"
		Release.AspNetCompiler.TargetPath = "PrecompiledWeb\05 Exercise\"
		Release.AspNetCompiler.Updateable = "true"
		Release.AspNetCompiler.ForceOverwrite = "true"
		Release.AspNetCompiler.FixedNames = "false"
		Release.AspNetCompiler.Debug = "False"
		VWDPort = "49911"
		DefaultWebSiteLanguage = "Visual C#"
	EndProjectSection
EndProject
Global
	GlobalSection(SolutionConfigurationPlatforms) = preSolution
		Debug|Any CPU = Debug|Any CPU
	EndGlobalSection
	GlobalSection(ProjectConfigurationPlatforms) = postSolution
		{EE8C7FCD-E3AC-4CA5-975F-880463446458}.Debug|Any CPU.ActiveCfg = Debug|Any CPU
		{EE8C7FCD-E3AC-4CA5-975F-880463446458}.Debug|Any CPU.Build.0 = Debug|Any CPU
	EndGlobalSection
	GlobalSection(SolutionProperties) = preSolution
		HideSolutionNode = FALSE
	EndGlobalSection
EndGlobal
